
Microsoft Visual Studio Solution File, Format Version 12.00
# Visual Studio 15
VisualStudioVersion = 15.0.26124.0
MinimumVisualStudioVersion = 15.0.26124.0
Project("{FAE04EC0-301F-11D3-BF4B-00C04F79EFBC}") = "FdwSharp", "FdwSharp\FdwSharp.csproj", "{04E22251-858D-4305-8AC8-E9EF6FB56FBF}"
EndProject
Project("{FAE04EC0-301F-11D3-BF4B-00C04F79EFBC}") = "FdwSharp.Tests", "FdwSharp.Tests\FdwSharp.Tests.csproj", "{C789F396-97A6-4F92-A255-97DB74551A08}"
EndProject
Project("{FAE04EC0-301F-11D3-BF4B-00C04F79EFBC}") = "testproj", "testproj\testproj.csproj", "{439DA651-9829-4655-8D17-00DD90FAEB72}"
EndProject
Global
	GlobalSection(SolutionConfigurationPlatforms) = preSolution
		Debug|Any CPU = Debug|Any CPU
		Debug|x64 = Debug|x64
		Debug|x86 = Debug|x86
		Release|Any CPU = Release|Any CPU
		Release|x64 = Release|x64
		Release|x86 = Release|x86
	EndGlobalSection
	GlobalSection(SolutionProperties) = preSolution
		HideSolutionNode = FALSE
	EndGlobalSection
	GlobalSection(ProjectConfigurationPlatforms) = postSolution
		{04E22251-858D-4305-8AC8-E9EF6FB56FBF}.Debug|Any CPU.ActiveCfg = Debug|Any CPU
		{04E22251-858D-4305-8AC8-E9EF6FB56FBF}.Debug|Any CPU.Build.0 = Debug|Any CPU
		{04E22251-858D-4305-8AC8-E9EF6FB56FBF}.Debug|x64.ActiveCfg = Debug|x64
		{04E22251-858D-4305-8AC8-E9EF6FB56FBF}.Debug|x64.Build.0 = Debug|x64
		{04E22251-858D-4305-8AC8-E9EF6FB56FBF}.Debug|x86.ActiveCfg = Debug|x86
		{04E22251-858D-4305-8AC8-E9EF6FB56FBF}.Debug|x86.Build.0 = Debug|x86
		{04E22251-858D-4305-8AC8-E9EF6FB56FBF}.Release|Any CPU.ActiveCfg = Release|Any CPU
		{04E22251-858D-4305-8AC8-E9EF6FB56FBF}.Release|Any CPU.Build.0 = Release|Any CPU
		{04E22251-858D-4305-8AC8-E9EF6FB56FBF}.Release|x64.ActiveCfg = Release|x64
		{04E22251-858D-4305-8AC8-E9EF6FB56FBF}.Release|x64.Build.0 = Release|x64
		{04E22251-858D-4305-8AC8-E9EF6FB56FBF}.Release|x86.ActiveCfg = Release|x86
		{04E22251-858D-4305-8AC8-E9EF6FB56FBF}.Release|x86.Build.0 = Release|x86
		{C789F396-97A6-4F92-A255-97DB74551A08}.Debug|Any CPU.ActiveCfg = Debug|Any CPU
		{C789F396-97A6-4F92-A255-97DB74551A08}.Debug|Any CPU.Build.0 = Debug|Any CPU
		{C789F396-97A6-4F92-A255-97DB74551A08}.Debug|x64.ActiveCfg = Debug|x64
		{C789F396-97A6-4F92-A255-97DB74551A08}.Debug|x64.Build.0 = Debug|x64
		{C789F396-97A6-4F92-A255-97DB74551A08}.Debug|x86.ActiveCfg = Debug|x86
		{C789F396-97A6-4F92-A255-97DB74551A08}.Debug|x86.Build.0 = Debug|x86
		{C789F396-97A6-4F92-A255-97DB74551A08}.Release|Any CPU.ActiveCfg = Release|Any CPU
		{C789F396-97A6-4F92-A255-97DB74551A08}.Release|Any CPU.Build.0 = Release|Any CPU
		{C789F396-97A6-4F92-A255-97DB74551A08}.Release|x64.ActiveCfg = Release|x64
		{C789F396-97A6-4F92-A255-97DB74551A08}.Release|x64.Build.0 = Release|x64
		{C789F396-97A6-4F92-A255-97DB74551A08}.Release|x86.ActiveCfg = Release|x86
		{C789F396-97A6-4F92-A255-97DB74551A08}.Release|x86.Build.0 = Release|x86
		{439DA651-9829-4655-8D17-00DD90FAEB72}.Debug|Any CPU.ActiveCfg = Debug|Any CPU
		{439DA651-9829-4655-8D17-00DD90FAEB72}.Debug|Any CPU.Build.0 = Debug|Any CPU
		{439DA651-9829-4655-8D17-00DD90FAEB72}.Debug|x64.ActiveCfg = Debug|x64
		{439DA651-9829-4655-8D17-00DD90FAEB72}.Debug|x64.Build.0 = Debug|x64
		{439DA651-9829-4655-8D17-00DD90FAEB72}.Debug|x86.ActiveCfg = Debug|x86
		{439DA651-9829-4655-8D17-00DD90FAEB72}.Debug|x86.Build.0 = Debug|x86
		{439DA651-9829-4655-8D17-00DD90FAEB72}.Release|Any CPU.ActiveCfg = Release|Any CPU
		{439DA651-9829-4655-8D17-00DD90FAEB72}.Release|Any CPU.Build.0 = Release|Any CPU
		{439DA651-9829-4655-8D17-00DD90FAEB72}.Release|x64.ActiveCfg = Release|x64
		{439DA651-9829-4655-8D17-00DD90FAEB72}.Release|x64.Build.0 = Release|x64
		{439DA651-9829-4655-8D17-00DD90FAEB72}.Release|x86.ActiveCfg = Release|x86
		{439DA651-9829-4655-8D17-00DD90FAEB72}.Release|x86.Build.0 = Release|x86
	EndGlobalSection
EndGlobal
